// !$*UTF8*$!
{
	archiveVersion = 1;
	classes = {
	};
	objectVersion = 50;
	objects = {

/* Begin PBXBuildFile section */
		CE96BEFE250CBDD900B44BD5 /* AppDelegate.swift in Sources */ = {isa = PBXBuildFile; fileRef = CE96BEFD250CBDD900B44BD5 /* AppDelegate.swift */; };
		CE96BF00250CBDD900B44BD5 /* SceneDelegate.swift in Sources */ = {isa = PBXBuildFile; fileRef = CE96BEFF250CBDD900B44BD5 /* SceneDelegate.swift */; };
		CE96BF02250CBDD900B44BD5 /* ViewController.swift in Sources */ = {isa = PBXBuildFile; fileRef = CE96BF01250CBDD900B44BD5 /* ViewController.swift */; };
		CE96BF05250CBDD900B44BD5 /* Main.storyboard in Resources */ = {isa = PBXBuildFile; fileRef = CE96BF03250CBDD900B44BD5 /* Main.storyboard */; };
		CE96BF07250CBDDB00B44BD5 /* Assets.xcassets in Resources */ = {isa = PBXBuildFile; fileRef = CE96BF06250CBDDB00B44BD5 /* Assets.xcassets */; };
		CE96BF0A250CBDDB00B44BD5 /* LaunchScreen.storyboard in Resources */ = {isa = PBXBuildFile; fileRef = CE96BF08250CBDDB00B44BD5 /* LaunchScreen.storyboard */; };
/* End PBXBuildFile section */

/* Begin PBXFileReference section */
		CE96BEFA250CBDD900B44BD5 /* 6.2-learnProject.app */ = {isa = PBXFileReference; explicitFileType = wrapper.application; includeInIndex = 0; path = "6.2-learnProject.app"; sourceTree = BUILT_PRODUCTS_DIR; };
		CE96BEFD250CBDD900B44BD5 /* AppDelegate.swift */ = {isa = PBXFileReference; lastKnownFileType = sourcecode.swift; path = AppDelegate.swift; sourceTree = "<group>"; };
		CE96BEFF250CBDD900B44BD5 /* SceneDelegate.swift */ = {isa = PBXFileReference; lastKnownFileType = sourcecode.swift; path = SceneDelegate.swift; sourceTree = "<group>"; };
		CE96BF01250CBDD900B44BD5 /* ViewController.swift */ = {isa = PBXFileReference; lastKnownFileType = sourcecode.swift; path = ViewController.swift; sourceTree = "<group>"; };
		CE96BF04250CBDD900B44BD5 /* Base */ = {isa = PBXFileReference; lastKnownFileType = file.storyboard; name = Base; path = Base.lproj/Main.storyboard; sourceTree = "<group>"; };
		CE96BF06250CBDDB00B44BD5 /* Assets.xcassets */ = {isa = PBXFileReference; lastKnownFileType = folder.assetcatalog; path = Assets.xcassets; sourceTree = "<group>"; };
		CE96BF09250CBDDB00B44BD5 /* Base */ = {isa = PBXFileReference; lastKnownFileType = file.storyboard; name = Base; path = Base.lproj/LaunchScreen.storyboard; sourceTree = "<group>"; };
		CE96BF0B250CBDDB00B44BD5 /* Info.plist */ = {isa = PBXFileReference; lastKnownFileType = text.plist.xml; path = Info.plist; sourceTree = "<group>"; };
/* End PBXFileReference section */

/* Begin PBXFrameworksBuildPhase section */
		CE96BEF7250CBDD900B44BD5 /* Frameworks */ = {
			isa = PBXFrameworksBuildPhase;
			buildActionMask = 2147483647;
			files = (
			);
			runOnlyForDeploymentPostprocessing = 0;
		};
/* End PBXFrameworksBuildPhase section */

/* Begin PBXGroup section */
		CE96BEF1250CBDD900B44BD5 = {
			isa = PBXGroup;
			children = (
				CE96BEFC250CBDD900B44BD5 /* 6.2-learnProject */,
				CE96BEFB250CBDD900B44BD5 /* Products */,
			);
			sourceTree = "<group>";
		};
		CE96BEFB250CBDD900B44BD5 /* Products */ = {
			isa = PBXGroup;
			children = (
				CE96BEFA250CBDD900B44BD5 /* 6.2-learnProject.app */,
			);
			name = Products;
			sourceTree = "<group>";
		};
		CE96BEFC250CBDD900B44BD5 /* 6.2-learnProject */ = {
			isa = PBXGroup;
			children = (
				CEA004042513769A003ECCF0 /* View */,
				CEA00405251376A8003ECCF0 /* Controllers */,
				CE96BEFD250CBDD900B44BD5 /* AppDelegate.swift */,
				CE96BEFF250CBDD900B44BD5 /* SceneDelegate.swift */,
				CE96BF06250CBDDB00B44BD5 /* Assets.xcassets */,
				CE96BF08250CBDDB00B44BD5 /* LaunchScreen.storyboard */,
				CE96BF0B250CBDDB00B44BD5 /* Info.plist */,
			);
			path = "6.2-learnProject";
			sourceTree = "<group>";
		};
		CEA004042513769A003ECCF0 /* View */ = {
			isa = PBXGroup;
			children = (
				CE96BF03250CBDD900B44BD5 /* Main.storyboard */,
			);
			path = View;
			sourceTree = "<group>";
		};
		CEA00405251376A8003ECCF0 /* Controllers */ = {
			isa = PBXGroup;
			children = (
				CE96BF01250CBDD900B44BD5 /* ViewController.swift */,
			);
			path = Controllers;
			sourceTree = "<group>";
		};
/* End PBXGroup section */

/* Begin PBXNativeTarget section */
		CE96BEF9250CBDD900B44BD5 /* 6.2-learnProject */ = {
			isa = PBXNativeTarget;
			buildConfigurationList = CE96BF0E250CBDDB00B44BD5 /* Build configuration list for PBXNativeTarget "6.2-learnProject" */;
			buildPhases = (
				CE96BEF6250CBDD900B44BD5 /* Sources */,
				CE96BEF7250CBDD900B44BD5 /* Frameworks */,
				CE96BEF8250CBDD900B44BD5 /* Resources */,
			);
			buildRules = (
			);
			dependencies = (
			);
			name = "6.2-learnProject";
			productName = "6.2-learnProject";
			productReference = CE96BEFA250CBDD900B44BD5 /* 6.2-learnProject.app */;
			productType = "com.apple.product-type.application";
		};
/* End PBXNativeTarget section */

/* Begin PBXProject section */
		CE96BEF2250CBDD900B44BD5 /* Project object */ = {
			isa = PBXProject;
			attributes = {
				LastSwiftUpdateCheck = 1170;
				LastUpgradeCheck = 1170;
				ORGANIZATIONNAME = "Alexander Shvetsov";
				TargetAttributes = {
					CE96BEF9250CBDD900B44BD5 = {
						CreatedOnToolsVersion = 11.7;
					};
				};
			};
			buildConfigurationList = CE96BEF5250CBDD900B44BD5 /* Build configuration list for PBXProject "6.2-learnProject" */;
			compatibilityVersion = "Xcode 9.3";
			developmentRegion = en;
			hasScannedForEncodings = 0;
			knownRegions = (
				en,
				Base,
			);
			mainGroup = CE96BEF1250CBDD900B44BD5;
			productRefGroup = CE96BEFB250CBDD900B44BD5 /* Products */;
			projectDirPath = "";
			projectRoot = "";
			targets = (
				CE96BEF9250CBDD900B44BD5 /* 6.2-learnProject */,
			);
		};
/* End PBXProject section */

/* Begin PBXResourcesBuildPhase section */
		CE96BEF8250CBDD900B44BD5 /* Resources */ = {
			isa = PBXResourcesBuildPhase;
			buildActionMask = 2147483647;
			files = (
				CE96BF0A250CBDDB00B44BD5 /* LaunchScreen.storyboard in Resources */,
				CE96BF07250CBDDB00B44BD5 /* Assets.xcassets in Resources */,
				CE96BF05250CBDD900B44BD5 /* Main.storyboard in Resources */,
			);
			runOnlyForDeploymentPostprocessing = 0;
		};
/* End PBXResourcesBuildPhase section */

/* Begin PBXSourcesBuildPhase section */
		CE96BEF6250CBDD900B44BD5 /* Sources */ = {
			isa = PBXSourcesBuildPhase;
			buildActionMask = 2147483647;
			files = (
				CE96BF02250CBDD900B44BD5 /* ViewController.swift in Sources */,
				CE96BEFE250CBDD900B44BD5 /* AppDelegate.swift in Sources */,
				CE96BF00250CBDD900B44BD5 /* SceneDelegate.swift in Sources */,
			);
			runOnlyForDeploymentPostprocessing = 0;
		};
/* End PBXSourcesBuildPhase section */

/* Begin PBXVariantGroup section */
		CE96BF03250CBDD900B44BD5 /* Main.storyboard */ = {
			isa = PBXVariantGroup;
			children = (
				CE96BF04250CBDD900B44BD5 /* Base */,
			);
			name = Main.storyboard;
			sourceTree = "<group>";
		};
		CE96BF08250CBDDB00B44BD5 /* LaunchScreen.storyboard */ = {
			isa = PBXVariantGroup;
			children = (
				CE96BF09250CBDDB00B44BD5 /* Base */,
			);
			name = LaunchScreen.storyboard;
			sourceTree = "<group>";
		};
/* End PBXVariantGroup section */

/* Begin XCBuildConfiguration section */
		CE96BF0C250CBDDB00B44BD5 /* Debug */ = {
			isa = XCBuildConfiguration;
			buildSettings = {
				ALWAYS_SEARCH_USER_PATHS = NO;
				CLANG_ANALYZER_NONNULL = YES;
				CLANG_ANALYZER_NUMBER_OBJECT_CONVERSION = YES_AGGRESSIVE;
				CLANG_CXX_LANGUAGE_STANDARD = "gnu++14";
				CLANG_CXX_LIBRARY = "libc++";
				CLANG_ENABLE_MODULES = YES;
				CLANG_ENABLE_OBJC_ARC = YES;
				CLANG_ENABLE_OBJC_WEAK = YES;
				CLANG_WARN_BLOCK_CAPTURE_AUTORELEASING = YES;
				CLANG_WARN_BOOL_CONVERSION = YES;
				CLANG_WARN_COMMA = YES;
				CLANG_WARN_CONSTANT_CONVERSION = YES;
				CLANG_WARN_DEPRECATED_OBJC_IMPLEMENTATIONS = YES;
				CLANG_WARN_DIRECT_OBJC_ISA_USAGE = YES_ERROR;
				CLANG_WARN_DOCUMENTATION_COMMENTS = YES;
				CLANG_WARN_EMPTY_BODY = YES;
				CLANG_WARN_ENUM_CONVERSION = YES;
				CLANG_WARN_INFINITE_RECURSION = YES;
				CLANG_WARN_INT_CONVERSION = YES;
				CLANG_WARN_NON_LITERAL_NULL_CONVERSION = YES;
				CLANG_WARN_OBJC_IMPLICIT_RETAIN_SELF = YES;
				CLANG_WARN_OBJC_LITERAL_CONVERSION = YES;
				CLANG_WARN_OBJC_ROOT_CLASS = YES_ERROR;
				CLANG_WARN_RANGE_LOOP_ANALYSIS = YES;
				CLANG_WARN_STRICT_PROTOTYPES = YES;
				CLANG_WARN_SUSPICIOUS_MOVE = YES;
				CLANG_WARN_UNGUARDED_AVAILABILITY = YES_AGGRESSIVE;
				CLANG_WARN_UNREACHABLE_CODE = YES;
				CLANG_WARN__DUPLICATE_METHOD_MATCH = YES;
				COPY_PHASE_STRIP = NO;
				DEBUG_INFORMATION_FORMAT = dwarf;
				ENABLE_STRICT_OBJC_MSGSEND = YES;
				ENABLE_TESTABILITY = YES;
				GCC_C_LANGUAGE_STANDARD = gnu11;
				GCC_DYNAMIC_NO_PIC = NO;
				GCC_NO_COMMON_BLOCKS = YES;
				GCC_OPTIMIZATION_LEVEL = 0;
				GCC_PREPROCESSOR_DEFINITIONS = (
					"DEBUG=1",
					"$(inherited)",
				);
				GCC_WARN_64_TO_32_BIT_CONVERSION = YES;
				GCC_WARN_ABOUT_RETURN_TYPE = YES_ERROR;
				GCC_WARN_UNDECLARED_SELECTOR = YES;
				GCC_WARN_UNINITIALIZED_AUTOS = YES_AGGRESSIVE;
				GCC_WARN_UNUSED_FUNCTION = YES;
				GCC_WARN_UNUSED_VARIABLE = YES;
				IPHONEOS_DEPLOYMENT_TARGET = 13.7;
				MTL_ENABLE_DEBUG_INFO = INCLUDE_SOURCE;
				MTL_FAST_MATH = YES;
				ONLY_ACTIVE_ARCH = YES;
				SDKROOT = iphoneos;
				SWIFT_ACTIVE_COMPILATION_CONDITIONS = DEBUG;
				SWIFT_OPTIMIZATION_LEVEL = "-Onone";
			};
			name = Debug;
		};
		CE96BF0D250CBDDB00B44BD5 /* Release */ = {
			isa = XCBuildConfiguration;
			buildSettings = {
				ALWAYS_SEARCH_USER_PATHS = NO;
				CLANG_ANALYZER_NONNULL = YES;
				CLANG_ANALYZER_NUMBER_OBJECT_CONVERSION = YES_AGGRESSIVE;
				CLANG_CXX_LANGUAGE_STANDARD = "gnu++14";
				CLANG_CXX_LIBRARY = "libc++";
				CLANG_ENABLE_MODULES = YES;
				CLANG_ENABLE_OBJC_ARC = YES;
				CLANG_ENABLE_OBJC_WEAK = YES;
				CLANG_WARN_BLOCK_CAPTURE_AUTORELEASING = YES;
				CLANG_WARN_BOOL_CONVERSION = YES;
				CLANG_WARN_COMMA = YES;
				CLANG_WARN_CONSTANT_CONVERSION = YES;
				CLANG_WARN_DEPRECATED_OBJC_IMPLEMENTATIONS = YES;
				CLANG_WARN_DIRECT_OBJC_ISA_USAGE = YES_ERROR;
				CLANG_WARN_DOCUMENTATION_COMMENTS = YES;
				CLANG_WARN_EMPTY_BODY = YES;
				CLANG_WARN_ENUM_CONVERSION = YES;
				CLANG_WARN_INFINITE_RECURSION = YES;
				CLANG_WARN_INT_CONVERSION = YES;
				CLANG_WARN_NON_LITERAL_NULL_CONVERSION = YES;
				CLANG_WARN_OBJC_IMPLICIT_RETAIN_SELF = YES;
				CLANG_WARN_OBJC_LITERAL_CONVERSION = YES;
				CLANG_WARN_OBJC_ROOT_CLASS = YES_ERROR;
				CLANG_WARN_RANGE_LOOP_ANALYSIS = YES;
				CLANG_WARN_STRICT_PROTOTYPES = YES;
				CLANG_WARN_SUSPICIOUS_MOVE = YES;
				CLANG_WARN_UNGUARDED_AVAILABILITY = YES_AGGRESSIVE;
				CLANG_WARN_UNREACHABLE_CODE = YES;
				CLANG_WARN__DUPLICATE_METHOD_MATCH = YES;
				COPY_PHASE_STRIP = NO;
				DEBUG_INFORMATION_FORMAT = "dwarf-with-dsym";
				ENABLE_NS_ASSERTIONS = NO;
				ENABLE_STRICT_OBJC_MSGSEND = YES;
				GCC_C_LANGUAGE_STANDARD = gnu11;
				GCC_NO_COMMON_BLOCKS = YES;
				GCC_WARN_64_TO_32_BIT_CONVERSION = YES;
				GCC_WARN_ABOUT_RETURN_TYPE = YES_ERROR;
				GCC_WARN_UNDECLARED_SELECTOR = YES;
				GCC_WARN_UNINITIALIZED_AUTOS = YES_AGGRESSIVE;
				GCC_WARN_UNUSED_FUNCTION = YES;
				GCC_WARN_UNUSED_VARIABLE = YES;
				IPHONEOS_DEPLOYMENT_TARGET = 13.7;
				MTL_ENABLE_DEBUG_INFO = NO;
				MTL_FAST_MATH = YES;
				SDKROOT = iphoneos;
				SWIFT_COMPILATION_MODE = wholemodule;
				SWIFT_OPTIMIZATION_LEVEL = "-O";
				VALIDATE_PRODUCT = YES;
			};
			name = Release;
		};
		CE96BF0F250CBDDB00B44BD5 /* Debug */ = {
			isa = XCBuildConfiguration;
			buildSettings = {
				ASSETCATALOG_COMPILER_APPICON_NAME = AppIcon;
				CODE_SIGN_STYLE = Automatic;
				DEVELOPMENT_TEAM = V7J7CCXN4H;
				INFOPLIST_FILE = "6.2-learnProject/Info.plist";
				LD_RUNPATH_SEARCH_PATHS = (
					"$(inherited)",
					"@executable_path/Frameworks",
				);
				PRODUCT_BUNDLE_IDENTIFIER = "ru.shvetsovAlexander.--2-learnProject";
				PRODUCT_NAME = "$(TARGET_NAME)";
				SWIFT_VERSION = 5.0;
				TARGETED_DEVICE_FAMILY = "1,2";
			};
			name = Debug;
		};
		CE96BF10250CBDDB00B44BD5 /* Release */ = {
			isa = XCBuildConfiguration;
			buildSettings = {
				ASSETCATALOG_COMPILER_APPICON_NAME = AppIcon;
				CODE_SIGN_STYLE = Automatic;
				DEVELOPMENT_TEAM = V7J7CCXN4H;
				INFOPLIST_FILE = "6.2-learnProject/Info.plist";
				LD_RUNPATH_SEARCH_PATHS = (
					"$(inherited)",
					"@executable_path/Frameworks",
				);
				PRODUCT_BUNDLE_IDENTIFIER = "ru.shvetsovAlexander.--2-learnProject";
				PRODUCT_NAME = "$(TARGET_NAME)";
				SWIFT_VERSION = 5.0;
				TARGETED_DEVICE_FAMILY = "1,2";
			};
			name = Release;
		};
/* End XCBuildConfiguration section */

/* Begin XCConfigurationList section */
		CE96BEF5250CBDD900B44BD5 /* Build configuration list for PBXProject "6.2-learnProject" */ = {
			isa = XCConfigurationList;
			buildConfigurations = (
				CE96BF0C250CBDDB00B44BD5 /* Debug */,
				CE96BF0D250CBDDB00B44BD5 /* Release */,
			);
			defaultConfigurationIsVisible = 0;
			defaultConfigurationName = Release;
		};
		CE96BF0E250CBDDB00B44BD5 /* Build configuration list for PBXNativeTarget "6.2-learnProject" */ = {
			isa = XCConfigurationList;
			buildConfigurations = (
				CE96BF0F250CBDDB00B44BD5 /* Debug */,
				CE96BF10250CBDDB00B44BD5 /* Release */,
			);
			defaultConfigurationIsVisible = 0;
			defaultConfigurationName = Release;
		};
/* End XCConfigurationList section */
	};
	rootObject = CE96BEF2250CBDD900B44BD5 /* Project object */;
}
