// !$*UTF8*$!
{
	archiveVersion = 1;
	classes = {
	};
	objectVersion = 50;
	objects = {

/* Begin PBXBuildFile section */
		CE6F352A25E8A739000B5647 /* GridViewController.swift in Sources */ = {isa = PBXBuildFile; fileRef = CE6F352925E8A739000B5647 /* GridViewController.swift */; };
		CE6F352E25E8B6AF000B5647 /* SegmentViewController.swift in Sources */ = {isa = PBXBuildFile; fileRef = CE6F352D25E8B6AF000B5647 /* SegmentViewController.swift */; };
		CEC3E79325DD44FD00955BB6 /* AppDelegate.swift in Sources */ = {isa = PBXBuildFile; fileRef = CEC3E79225DD44FD00955BB6 /* AppDelegate.swift */; };
		CEC3E79525DD44FD00955BB6 /* SceneDelegate.swift in Sources */ = {isa = PBXBuildFile; fileRef = CEC3E79425DD44FD00955BB6 /* SceneDelegate.swift */; };
		CEC3E79725DD44FD00955BB6 /* GalleryViewController.swift in Sources */ = {isa = PBXBuildFile; fileRef = CEC3E79625DD44FD00955BB6 /* GalleryViewController.swift */; };
		CEC3E79A25DD44FD00955BB6 /* Main.storyboard in Resources */ = {isa = PBXBuildFile; fileRef = CEC3E79825DD44FD00955BB6 /* Main.storyboard */; };
		CEC3E79C25DD44FF00955BB6 /* Assets.xcassets in Resources */ = {isa = PBXBuildFile; fileRef = CEC3E79B25DD44FF00955BB6 /* Assets.xcassets */; };
		CEC3E79F25DD44FF00955BB6 /* LaunchScreen.storyboard in Resources */ = {isa = PBXBuildFile; fileRef = CEC3E79D25DD44FF00955BB6 /* LaunchScreen.storyboard */; };
/* End PBXBuildFile section */

/* Begin PBXFileReference section */
		CE6F352925E8A739000B5647 /* GridViewController.swift */ = {isa = PBXFileReference; lastKnownFileType = sourcecode.swift; path = GridViewController.swift; sourceTree = "<group>"; };
		CE6F352D25E8B6AF000B5647 /* SegmentViewController.swift */ = {isa = PBXFileReference; lastKnownFileType = sourcecode.swift; path = SegmentViewController.swift; sourceTree = "<group>"; };
		CEC3E78F25DD44FD00955BB6 /* 8-module.app */ = {isa = PBXFileReference; explicitFileType = wrapper.application; includeInIndex = 0; path = "8-module.app"; sourceTree = BUILT_PRODUCTS_DIR; };
		CEC3E79225DD44FD00955BB6 /* AppDelegate.swift */ = {isa = PBXFileReference; lastKnownFileType = sourcecode.swift; path = AppDelegate.swift; sourceTree = "<group>"; };
		CEC3E79425DD44FD00955BB6 /* SceneDelegate.swift */ = {isa = PBXFileReference; lastKnownFileType = sourcecode.swift; path = SceneDelegate.swift; sourceTree = "<group>"; };
		CEC3E79625DD44FD00955BB6 /* GalleryViewController.swift */ = {isa = PBXFileReference; lastKnownFileType = sourcecode.swift; path = GalleryViewController.swift; sourceTree = "<group>"; };
		CEC3E79925DD44FD00955BB6 /* Base */ = {isa = PBXFileReference; lastKnownFileType = file.storyboard; name = Base; path = Base.lproj/Main.storyboard; sourceTree = "<group>"; };
		CEC3E79B25DD44FF00955BB6 /* Assets.xcassets */ = {isa = PBXFileReference; lastKnownFileType = folder.assetcatalog; path = Assets.xcassets; sourceTree = "<group>"; };
		CEC3E79E25DD44FF00955BB6 /* Base */ = {isa = PBXFileReference; lastKnownFileType = file.storyboard; name = Base; path = Base.lproj/LaunchScreen.storyboard; sourceTree = "<group>"; };
		CEC3E7A025DD44FF00955BB6 /* Info.plist */ = {isa = PBXFileReference; lastKnownFileType = text.plist.xml; path = Info.plist; sourceTree = "<group>"; };
/* End PBXFileReference section */

/* Begin PBXFrameworksBuildPhase section */
		CEC3E78C25DD44FD00955BB6 /* Frameworks */ = {
			isa = PBXFrameworksBuildPhase;
			buildActionMask = 2147483647;
			files = (
			);
			runOnlyForDeploymentPostprocessing = 0;
		};
/* End PBXFrameworksBuildPhase section */

/* Begin PBXGroup section */
		CEC3E78625DD44FD00955BB6 = {
			isa = PBXGroup;
			children = (
				CEC3E79125DD44FD00955BB6 /* 8-module */,
				CEC3E79025DD44FD00955BB6 /* Products */,
			);
			sourceTree = "<group>";
		};
		CEC3E79025DD44FD00955BB6 /* Products */ = {
			isa = PBXGroup;
			children = (
				CEC3E78F25DD44FD00955BB6 /* 8-module.app */,
			);
			name = Products;
			sourceTree = "<group>";
		};
		CEC3E79125DD44FD00955BB6 /* 8-module */ = {
			isa = PBXGroup;
			children = (
				CEC3E79225DD44FD00955BB6 /* AppDelegate.swift */,
				CEC3E79425DD44FD00955BB6 /* SceneDelegate.swift */,
				CEC3E79625DD44FD00955BB6 /* GalleryViewController.swift */,
				CE6F352925E8A739000B5647 /* GridViewController.swift */,
				CE6F352D25E8B6AF000B5647 /* SegmentViewController.swift */,
				CEC3E79825DD44FD00955BB6 /* Main.storyboard */,
				CEC3E79B25DD44FF00955BB6 /* Assets.xcassets */,
				CEC3E79D25DD44FF00955BB6 /* LaunchScreen.storyboard */,
				CEC3E7A025DD44FF00955BB6 /* Info.plist */,
			);
			path = "8-module";
			sourceTree = "<group>";
		};
/* End PBXGroup section */

/* Begin PBXNativeTarget section */
		CEC3E78E25DD44FD00955BB6 /* 8-module */ = {
			isa = PBXNativeTarget;
			buildConfigurationList = CEC3E7A325DD44FF00955BB6 /* Build configuration list for PBXNativeTarget "8-module" */;
			buildPhases = (
				CEC3E78B25DD44FD00955BB6 /* Sources */,
				CEC3E78C25DD44FD00955BB6 /* Frameworks */,
				CEC3E78D25DD44FD00955BB6 /* Resources */,
				CEC3E7A725DD4E6800955BB6 /* ShellScript */,
			);
			buildRules = (
			);
			dependencies = (
			);
			name = "8-module";
			productName = "8-module";
			productReference = CEC3E78F25DD44FD00955BB6 /* 8-module.app */;
			productType = "com.apple.product-type.application";
		};
/* End PBXNativeTarget section */

/* Begin PBXProject section */
		CEC3E78725DD44FD00955BB6 /* Project object */ = {
			isa = PBXProject;
			attributes = {
				LastSwiftUpdateCheck = 1240;
				LastUpgradeCheck = 1240;
				TargetAttributes = {
					CEC3E78E25DD44FD00955BB6 = {
						CreatedOnToolsVersion = 12.4;
					};
				};
			};
			buildConfigurationList = CEC3E78A25DD44FD00955BB6 /* Build configuration list for PBXProject "8-module" */;
			compatibilityVersion = "Xcode 9.3";
			developmentRegion = en;
			hasScannedForEncodings = 0;
			knownRegions = (
				en,
				Base,
			);
			mainGroup = CEC3E78625DD44FD00955BB6;
			productRefGroup = CEC3E79025DD44FD00955BB6 /* Products */;
			projectDirPath = "";
			projectRoot = "";
			targets = (
				CEC3E78E25DD44FD00955BB6 /* 8-module */,
			);
		};
/* End PBXProject section */

/* Begin PBXResourcesBuildPhase section */
		CEC3E78D25DD44FD00955BB6 /* Resources */ = {
			isa = PBXResourcesBuildPhase;
			buildActionMask = 2147483647;
			files = (
				CEC3E79F25DD44FF00955BB6 /* LaunchScreen.storyboard in Resources */,
				CEC3E79C25DD44FF00955BB6 /* Assets.xcassets in Resources */,
				CEC3E79A25DD44FD00955BB6 /* Main.storyboard in Resources */,
			);
			runOnlyForDeploymentPostprocessing = 0;
		};
/* End PBXResourcesBuildPhase section */

/* Begin PBXShellScriptBuildPhase section */
		CEC3E7A725DD4E6800955BB6 /* ShellScript */ = {
			isa = PBXShellScriptBuildPhase;
			buildActionMask = 2147483647;
			files = (
			);
			inputFileListPaths = (
			);
			inputPaths = (
			);
			outputFileListPaths = (
			);
			outputPaths = (
			);
			runOnlyForDeploymentPostprocessing = 0;
			shellPath = /bin/sh;
			shellScript = "if which swiftlint >/dev/null; then\n  swiftlint\nelse\n  echo \"warning: SwiftLint not installed, download from https://github.com/realm/SwiftLint\"\nfi\n";
		};
/* End PBXShellScriptBuildPhase section */

/* Begin PBXSourcesBuildPhase section */
		CEC3E78B25DD44FD00955BB6 /* Sources */ = {
			isa = PBXSourcesBuildPhase;
			buildActionMask = 2147483647;
			files = (
				CE6F352A25E8A739000B5647 /* GridViewController.swift in Sources */,
				CEC3E79725DD44FD00955BB6 /* GalleryViewController.swift in Sources */,
				CE6F352E25E8B6AF000B5647 /* SegmentViewController.swift in Sources */,
				CEC3E79325DD44FD00955BB6 /* AppDelegate.swift in Sources */,
				CEC3E79525DD44FD00955BB6 /* SceneDelegate.swift in Sources */,
			);
			runOnlyForDeploymentPostprocessing = 0;
		};
/* End PBXSourcesBuildPhase section */

/* Begin PBXVariantGroup section */
		CEC3E79825DD44FD00955BB6 /* Main.storyboard */ = {
			isa = PBXVariantGroup;
			children = (
				CEC3E79925DD44FD00955BB6 /* Base */,
			);
			name = Main.storyboard;
			sourceTree = "<group>";
		};
		CEC3E79D25DD44FF00955BB6 /* LaunchScreen.storyboard */ = {
			isa = PBXVariantGroup;
			children = (
				CEC3E79E25DD44FF00955BB6 /* Base */,
			);
			name = LaunchScreen.storyboard;
			sourceTree = "<group>";
		};
/* End PBXVariantGroup section */

/* Begin XCBuildConfiguration section */
		CEC3E7A125DD44FF00955BB6 /* Debug */ = {
			isa = XCBuildConfiguration;
			buildSettings = {
				ALWAYS_SEARCH_USER_PATHS = NO;
				CLANG_ANALYZER_NONNULL = YES;
				CLANG_ANALYZER_NUMBER_OBJECT_CONVERSION = YES_AGGRESSIVE;
				CLANG_CXX_LANGUAGE_STANDARD = "gnu++14";
				CLANG_CXX_LIBRARY = "libc++";
				CLANG_ENABLE_MODULES = YES;
				CLANG_ENABLE_OBJC_ARC = YES;
				CLANG_ENABLE_OBJC_WEAK = YES;
				CLANG_WARN_BLOCK_CAPTURE_AUTORELEASING = YES;
				CLANG_WARN_BOOL_CONVERSION = YES;
				CLANG_WARN_COMMA = YES;
				CLANG_WARN_CONSTANT_CONVERSION = YES;
				CLANG_WARN_DEPRECATED_OBJC_IMPLEMENTATIONS = YES;
				CLANG_WARN_DIRECT_OBJC_ISA_USAGE = YES_ERROR;
				CLANG_WARN_DOCUMENTATION_COMMENTS = YES;
				CLANG_WARN_EMPTY_BODY = YES;
				CLANG_WARN_ENUM_CONVERSION = YES;
				CLANG_WARN_INFINITE_RECURSION = YES;
				CLANG_WARN_INT_CONVERSION = YES;
				CLANG_WARN_NON_LITERAL_NULL_CONVERSION = YES;
				CLANG_WARN_OBJC_IMPLICIT_RETAIN_SELF = YES;
				CLANG_WARN_OBJC_LITERAL_CONVERSION = YES;
				CLANG_WARN_OBJC_ROOT_CLASS = YES_ERROR;
				CLANG_WARN_QUOTED_INCLUDE_IN_FRAMEWORK_HEADER = YES;
				CLANG_WARN_RANGE_LOOP_ANALYSIS = YES;
				CLANG_WARN_STRICT_PROTOTYPES = YES;
				CLANG_WARN_SUSPICIOUS_MOVE = YES;
				CLANG_WARN_UNGUARDED_AVAILABILITY = YES_AGGRESSIVE;
				CLANG_WARN_UNREACHABLE_CODE = YES;
				CLANG_WARN__DUPLICATE_METHOD_MATCH = YES;
				COPY_PHASE_STRIP = NO;
				DEBUG_INFORMATION_FORMAT = dwarf;
				ENABLE_STRICT_OBJC_MSGSEND = YES;
				ENABLE_TESTABILITY = YES;
				GCC_C_LANGUAGE_STANDARD = gnu11;
				GCC_DYNAMIC_NO_PIC = NO;
				GCC_NO_COMMON_BLOCKS = YES;
				GCC_OPTIMIZATION_LEVEL = 0;
				GCC_PREPROCESSOR_DEFINITIONS = (
					"DEBUG=1",
					"$(inherited)",
				);
				GCC_WARN_64_TO_32_BIT_CONVERSION = YES;
				GCC_WARN_ABOUT_RETURN_TYPE = YES_ERROR;
				GCC_WARN_UNDECLARED_SELECTOR = YES;
				GCC_WARN_UNINITIALIZED_AUTOS = YES_AGGRESSIVE;
				GCC_WARN_UNUSED_FUNCTION = YES;
				GCC_WARN_UNUSED_VARIABLE = YES;
				IPHONEOS_DEPLOYMENT_TARGET = 14.4;
				MTL_ENABLE_DEBUG_INFO = INCLUDE_SOURCE;
				MTL_FAST_MATH = YES;
				ONLY_ACTIVE_ARCH = YES;
				SDKROOT = iphoneos;
				SWIFT_ACTIVE_COMPILATION_CONDITIONS = DEBUG;
				SWIFT_OPTIMIZATION_LEVEL = "-Onone";
			};
			name = Debug;
		};
		CEC3E7A225DD44FF00955BB6 /* Release */ = {
			isa = XCBuildConfiguration;
			buildSettings = {
				ALWAYS_SEARCH_USER_PATHS = NO;
				CLANG_ANALYZER_NONNULL = YES;
				CLANG_ANALYZER_NUMBER_OBJECT_CONVERSION = YES_AGGRESSIVE;
				CLANG_CXX_LANGUAGE_STANDARD = "gnu++14";
				CLANG_CXX_LIBRARY = "libc++";
				CLANG_ENABLE_MODULES = YES;
				CLANG_ENABLE_OBJC_ARC = YES;
				CLANG_ENABLE_OBJC_WEAK = YES;
				CLANG_WARN_BLOCK_CAPTURE_AUTORELEASING = YES;
				CLANG_WARN_BOOL_CONVERSION = YES;
				CLANG_WARN_COMMA = YES;
				CLANG_WARN_CONSTANT_CONVERSION = YES;
				CLANG_WARN_DEPRECATED_OBJC_IMPLEMENTATIONS = YES;
				CLANG_WARN_DIRECT_OBJC_ISA_USAGE = YES_ERROR;
				CLANG_WARN_DOCUMENTATION_COMMENTS = YES;
				CLANG_WARN_EMPTY_BODY = YES;
				CLANG_WARN_ENUM_CONVERSION = YES;
				CLANG_WARN_INFINITE_RECURSION = YES;
				CLANG_WARN_INT_CONVERSION = YES;
				CLANG_WARN_NON_LITERAL_NULL_CONVERSION = YES;
				CLANG_WARN_OBJC_IMPLICIT_RETAIN_SELF = YES;
				CLANG_WARN_OBJC_LITERAL_CONVERSION = YES;
				CLANG_WARN_OBJC_ROOT_CLASS = YES_ERROR;
				CLANG_WARN_QUOTED_INCLUDE_IN_FRAMEWORK_HEADER = YES;
				CLANG_WARN_RANGE_LOOP_ANALYSIS = YES;
				CLANG_WARN_STRICT_PROTOTYPES = YES;
				CLANG_WARN_SUSPICIOUS_MOVE = YES;
				CLANG_WARN_UNGUARDED_AVAILABILITY = YES_AGGRESSIVE;
				CLANG_WARN_UNREACHABLE_CODE = YES;
				CLANG_WARN__DUPLICATE_METHOD_MATCH = YES;
				COPY_PHASE_STRIP = NO;
				DEBUG_INFORMATION_FORMAT = "dwarf-with-dsym";
				ENABLE_NS_ASSERTIONS = NO;
				ENABLE_STRICT_OBJC_MSGSEND = YES;
				GCC_C_LANGUAGE_STANDARD = gnu11;
				GCC_NO_COMMON_BLOCKS = YES;
				GCC_WARN_64_TO_32_BIT_CONVERSION = YES;
				GCC_WARN_ABOUT_RETURN_TYPE = YES_ERROR;
				GCC_WARN_UNDECLARED_SELECTOR = YES;
				GCC_WARN_UNINITIALIZED_AUTOS = YES_AGGRESSIVE;
				GCC_WARN_UNUSED_FUNCTION = YES;
				GCC_WARN_UNUSED_VARIABLE = YES;
				IPHONEOS_DEPLOYMENT_TARGET = 14.4;
				MTL_ENABLE_DEBUG_INFO = NO;
				MTL_FAST_MATH = YES;
				SDKROOT = iphoneos;
				SWIFT_COMPILATION_MODE = wholemodule;
				SWIFT_OPTIMIZATION_LEVEL = "-O";
				VALIDATE_PRODUCT = YES;
			};
			name = Release;
		};
		CEC3E7A425DD44FF00955BB6 /* Debug */ = {
			isa = XCBuildConfiguration;
			buildSettings = {
				ASSETCATALOG_COMPILER_APPICON_NAME = AppIcon;
				ASSETCATALOG_COMPILER_GLOBAL_ACCENT_COLOR_NAME = AccentColor;
				CODE_SIGN_STYLE = Automatic;
				DEVELOPMENT_TEAM = V7J7CCXN4H;
				INFOPLIST_FILE = "8-module/Info.plist";
				LD_RUNPATH_SEARCH_PATHS = (
					"$(inherited)",
					"@executable_path/Frameworks",
				);
				PRODUCT_BUNDLE_IDENTIFIER = "ru.shvetsovAlexander.--module";
				PRODUCT_NAME = "$(TARGET_NAME)";
				SWIFT_VERSION = 5.0;
				TARGETED_DEVICE_FAMILY = "1,2";
			};
			name = Debug;
		};
		CEC3E7A525DD44FF00955BB6 /* Release */ = {
			isa = XCBuildConfiguration;
			buildSettings = {
				ASSETCATALOG_COMPILER_APPICON_NAME = AppIcon;
				ASSETCATALOG_COMPILER_GLOBAL_ACCENT_COLOR_NAME = AccentColor;
				CODE_SIGN_STYLE = Automatic;
				DEVELOPMENT_TEAM = V7J7CCXN4H;
				INFOPLIST_FILE = "8-module/Info.plist";
				LD_RUNPATH_SEARCH_PATHS = (
					"$(inherited)",
					"@executable_path/Frameworks",
				);
				PRODUCT_BUNDLE_IDENTIFIER = "ru.shvetsovAlexander.--module";
				PRODUCT_NAME = "$(TARGET_NAME)";
				SWIFT_VERSION = 5.0;
				TARGETED_DEVICE_FAMILY = "1,2";
			};
			name = Release;
		};
/* End XCBuildConfiguration section */

/* Begin XCConfigurationList section */
		CEC3E78A25DD44FD00955BB6 /* Build configuration list for PBXProject "8-module" */ = {
			isa = XCConfigurationList;
			buildConfigurations = (
				CEC3E7A125DD44FF00955BB6 /* Debug */,
				CEC3E7A225DD44FF00955BB6 /* Release */,
			);
			defaultConfigurationIsVisible = 0;
			defaultConfigurationName = Release;
		};
		CEC3E7A325DD44FF00955BB6 /* Build configuration list for PBXNativeTarget "8-module" */ = {
			isa = XCConfigurationList;
			buildConfigurations = (
				CEC3E7A425DD44FF00955BB6 /* Debug */,
				CEC3E7A525DD44FF00955BB6 /* Release */,
			);
			defaultConfigurationIsVisible = 0;
			defaultConfigurationName = Release;
		};
/* End XCConfigurationList section */
	};
	rootObject = CEC3E78725DD44FD00955BB6 /* Project object */;
}
